
Microsoft Visual Studio Solution File, Format Version 12.00
# Visual Studio Version 16
VisualStudioVersion = 16.0.32228.343
MinimumVisualStudioVersion = 10.0.40219.1
Project("{FAE04EC0-301F-11D3-BF4B-00C04F79EFBC}") = "InternetForum", "InternetForum\InternetForum.csproj", "{792B9A52-B4E3-403C-9E84-A8174FA4EAF1}"
EndProject
Global
	GlobalSection(SolutionConfigurationPlatforms) = preSolution
		Debug|Any CPU = Debug|Any CPU
		Release|Any CPU = Release|Any CPU
	EndGlobalSection
	GlobalSection(ProjectConfigurationPlatforms) = postSolution
		{792B9A52-B4E3-403C-9E84-A8174FA4EAF1}.Debug|Any CPU.ActiveCfg = Debug|Any CPU
		{792B9A52-B4E3-403C-9E84-A8174FA4EAF1}.Debug|Any CPU.Build.0 = Debug|Any CPU
		{792B9A52-B4E3-403C-9E84-A8174FA4EAF1}.Release|Any CPU.ActiveCfg = Release|Any CPU
		{792B9A52-B4E3-403C-9E84-A8174FA4EAF1}.Release|Any CPU.Build.0 = Release|Any CPU
	EndGlobalSection
	GlobalSection(SolutionProperties) = preSolution
		HideSolutionNode = FALSE
	EndGlobalSection
	GlobalSection(ExtensibilityGlobals) = postSolution
		SolutionGuid = {E84D162C-29C8-4E51-843F-299AC4E28700}
	EndGlobalSection
EndGlobal
